
Microsoft Visual Studio Solution File, Format Version 12.00
# Visual Studio 14
VisualStudioVersion = 14.0.25420.1
MinimumVisualStudioVersion = 10.0.40219.1
Project("{FAE04EC0-301F-11D3-BF4B-00C04F79EFBC}") = "MVCTemplate.Web", "MVCTemplate\MVCTemplate.Web.csproj", "{38736C8D-A52F-4028-9396-53CCF7FB87CB}"
EndProject
Project("{FAE04EC0-301F-11D3-BF4B-00C04F79EFBC}") = "MVCTemplate.Tests", "MVCTemplate.Tests\MVCTemplate.Tests.csproj", "{7433E369-A14B-4349-B674-412A06FD55F0}"
EndProject
Project("{FAE04EC0-301F-11D3-BF4B-00C04F79EFBC}") = "MVCTemplate.Domain", "MVCTemplate.Domain\MVCTemplate.Domain.csproj", "{CA1CE1FC-3674-4369-8592-6F7C89EEA08F}"
EndProject
Global
	GlobalSection(SolutionConfigurationPlatforms) = preSolution
		Debug|Any CPU = Debug|Any CPU
		Release|Any CPU = Release|Any CPU
	EndGlobalSection
	GlobalSection(ProjectConfigurationPlatforms) = postSolution
		{38736C8D-A52F-4028-9396-53CCF7FB87CB}.Debug|Any CPU.ActiveCfg = Debug|Any CPU
		{38736C8D-A52F-4028-9396-53CCF7FB87CB}.Debug|Any CPU.Build.0 = Debug|Any CPU
		{38736C8D-A52F-4028-9396-53CCF7FB87CB}.Release|Any CPU.ActiveCfg = Release|Any CPU
		{38736C8D-A52F-4028-9396-53CCF7FB87CB}.Release|Any CPU.Build.0 = Release|Any CPU
		{7433E369-A14B-4349-B674-412A06FD55F0}.Debug|Any CPU.ActiveCfg = Debug|Any CPU
		{7433E369-A14B-4349-B674-412A06FD55F0}.Debug|Any CPU.Build.0 = Debug|Any CPU
		{7433E369-A14B-4349-B674-412A06FD55F0}.Release|Any CPU.ActiveCfg = Release|Any CPU
		{7433E369-A14B-4349-B674-412A06FD55F0}.Release|Any CPU.Build.0 = Release|Any CPU
		{CA1CE1FC-3674-4369-8592-6F7C89EEA08F}.Debug|Any CPU.ActiveCfg = Debug|Any CPU
		{CA1CE1FC-3674-4369-8592-6F7C89EEA08F}.Debug|Any CPU.Build.0 = Debug|Any CPU
		{CA1CE1FC-3674-4369-8592-6F7C89EEA08F}.Release|Any CPU.ActiveCfg = Release|Any CPU
		{CA1CE1FC-3674-4369-8592-6F7C89EEA08F}.Release|Any CPU.Build.0 = Release|Any CPU
	EndGlobalSection
	GlobalSection(SolutionProperties) = preSolution
		HideSolutionNode = FALSE
	EndGlobalSection
EndGlobal
